
Microsoft Visual Studio Solution File, Format Version 12.00
# Visual Studio Version 17
VisualStudioVersion = 17.7.34202.233
MinimumVisualStudioVersion = 10.0.40219.1
Project("{9A19103F-16F7-4668-BE54-9A1E7A4F7556}") = "WebApplication02", "WebApplication02\WebApplication02.csproj", "{FC8B9832-091E-4DC7-B5C4-66B5F78452CD}"
EndProject
Project("{FAE04EC0-301F-11D3-BF4B-00C04F79EFBC}") = "ManualMethods", "ManualMethods\ManualMethods.csproj", "{36E200B3-15C4-4676-9052-9772C192EFE5}"
EndProject
Global
	GlobalSection(SolutionConfigurationPlatforms) = preSolution
		Debug|Any CPU = Debug|Any CPU
		Release|Any CPU = Release|Any CPU
	EndGlobalSection
	GlobalSection(ProjectConfigurationPlatforms) = postSolution
		{FC8B9832-091E-4DC7-B5C4-66B5F78452CD}.Debug|Any CPU.ActiveCfg = Debug|Any CPU
		{FC8B9832-091E-4DC7-B5C4-66B5F78452CD}.Debug|Any CPU.Build.0 = Debug|Any CPU
		{FC8B9832-091E-4DC7-B5C4-66B5F78452CD}.Release|Any CPU.ActiveCfg = Release|Any CPU
		{FC8B9832-091E-4DC7-B5C4-66B5F78452CD}.Release|Any CPU.Build.0 = Release|Any CPU
		{36E200B3-15C4-4676-9052-9772C192EFE5}.Debug|Any CPU.ActiveCfg = Debug|Any CPU
		{36E200B3-15C4-4676-9052-9772C192EFE5}.Debug|Any CPU.Build.0 = Debug|Any CPU
		{36E200B3-15C4-4676-9052-9772C192EFE5}.Release|Any CPU.ActiveCfg = Release|Any CPU
		{36E200B3-15C4-4676-9052-9772C192EFE5}.Release|Any CPU.Build.0 = Release|Any CPU
	EndGlobalSection
	GlobalSection(SolutionProperties) = preSolution
		HideSolutionNode = FALSE
	EndGlobalSection
	GlobalSection(ExtensibilityGlobals) = postSolution
		SolutionGuid = {3BBE3C1E-A997-4423-8F23-A1C25121E053}
	EndGlobalSection
EndGlobal
